
Microsoft Visual Studio Solution File, Format Version 12.00
# Visual Studio 14
VisualStudioVersion = 14.0.25420.1
MinimumVisualStudioVersion = 10.0.40219.1
Project("{2150E333-8FDC-42A3-9474-1A3956D46DE8}") = ".nuget", ".nuget", "{25CA298D-62F7-4BCE-8653-1742C7EB5C1D}"
	ProjectSection(SolutionItems) = preProject
		.nuget\NuGet.Config = .nuget\NuGet.Config
		.nuget\NuGet.exe = .nuget\NuGet.exe
		.nuget\NuGet.targets = .nuget\NuGet.targets
	EndProjectSection
EndProject
Project("{FAE04EC0-301F-11D3-BF4B-00C04F79EFBC}") = "Samples.Domain.Interface", "Samples.Domain\Samples.Domain.Interface.csproj", "{CC173585-7515-40BA-B6C1-142EA635E864}"
EndProject
Project("{FAE04EC0-301F-11D3-BF4B-00C04F79EFBC}") = "Samples.Domain.Events", "Samples.Domain.Events\Samples.Domain.Events.csproj", "{E340AE40-B7B1-4DE4-8341-B318ABBA6C97}"
EndProject
Project("{FAE04EC0-301F-11D3-BF4B-00C04F79EFBC}") = "Samples.View", "Samples.View\Samples.View.csproj", "{C3D87860-A5A5-44B8-BFBF-4D43CC515A5A}"
EndProject
Project("{FAE04EC0-301F-11D3-BF4B-00C04F79EFBC}") = "Kutcha.Core", "..\submodules\kutcha\src\Kutcha.Core\Kutcha.Core.csproj", "{166F6EB2-5143-43DE-B578-1F0E31A596D5}"
EndProject
Project("{2150E333-8FDC-42A3-9474-1A3956D46DE8}") = "Kutcha", "Kutcha", "{E7E7E9A3-FB8E-415C-A831-2D023554F14F}"
EndProject
Project("{FAE04EC0-301F-11D3-BF4B-00C04F79EFBC}") = "Kutcha.InMemory", "..\submodules\kutcha\src\Kutcha.InMemory\Kutcha.InMemory.csproj", "{95E9561C-EC23-4E45-9DC2-786C7BD6C5F7}"
EndProject
Project("{FAE04EC0-301F-11D3-BF4B-00C04F79EFBC}") = "Kutcha.MongoDb", "..\submodules\kutcha\src\Kutcha.MongoDb\Kutcha.MongoDb.csproj", "{F5720451-37E3-45B7-80B0-CA876707943A}"
EndProject
Project("{2150E333-8FDC-42A3-9474-1A3956D46DE8}") = "CQRSalad", "CQRSalad", "{66C1092F-CBD2-4A09-BF50-8614D7DB2ADF}"
EndProject
Project("{FAE04EC0-301F-11D3-BF4B-00C04F79EFBC}") = "CQRSalad.Dispatching", "..\src\CQRSalad.Dispatching\CQRSalad.Dispatching.csproj", "{B68C6B2C-309E-40C4-BA96-E37B8124304A}"
EndProject
Project("{FAE04EC0-301F-11D3-BF4B-00C04F79EFBC}") = "CQRSalad.Domain", "..\src\CQRSalad.Domain\CQRSalad.Domain.csproj", "{3BB78F29-D840-41B2-9460-A2820373CD20}"
EndProject
Project("{FAE04EC0-301F-11D3-BF4B-00C04F79EFBC}") = "CQRSalad.EventSourcing", "..\src\CQRSalad.EventSourcing\CQRSalad.EventSourcing.csproj", "{099A8DEA-F66F-4584-978D-6C1C0CE78360}"
EndProject
Project("{FAE04EC0-301F-11D3-BF4B-00C04F79EFBC}") = "CQRSalad.EventStore.Core", "..\src\CQRSalad.EventStore.Core\CQRSalad.EventStore.Core.csproj", "{54CA5DE2-D1EE-4316-8DB4-C272ABEFE001}"
EndProject
Project("{FAE04EC0-301F-11D3-BF4B-00C04F79EFBC}") = "CQRSalad.EventStore.MongoDB", "..\src\CQRSalad.EventStore.MongoDB\CQRSalad.EventStore.MongoDB.csproj", "{F24D5BAB-A017-45A1-BE36-DE182689AD24}"
EndProject
Project("{FAE04EC0-301F-11D3-BF4B-00C04F79EFBC}") = "CQRSalad.EventStore.Adapters", "CQRSalad.EventStore.Adapters\CQRSalad.EventStore.Adapters.csproj", "{3F4CFF17-A59C-4506-99E1-1E322CB24731}"
EndProject
Project("{FAE04EC0-301F-11D3-BF4B-00C04F79EFBC}") = "CQRSalad.Infrastructure", "CQRSalad.Infrastructure\CQRSalad.Infrastructure.csproj", "{9ECBA7B7-4258-4DF9-8623-4CF77DD0CCFF}"
EndProject
Project("{FAE04EC0-301F-11D3-BF4B-00C04F79EFBC}") = "Samples.Tests", "Samples.Tests\Samples.Tests.csproj", "{6B31C824-D84B-4B80-8540-C46B22A702E2}"
EndProject
Global
	GlobalSection(SolutionConfigurationPlatforms) = preSolution
		Debug|Any CPU = Debug|Any CPU
		Debug|Mixed Platforms = Debug|Mixed Platforms
		Debug|x86 = Debug|x86
		MonoTouch|Any CPU = MonoTouch|Any CPU
		MonoTouch|Mixed Platforms = MonoTouch|Mixed Platforms
		MonoTouch|x86 = MonoTouch|x86
		Release|Any CPU = Release|Any CPU
		Release|Mixed Platforms = Release|Mixed Platforms
		Release|x86 = Release|x86
		Signed|Any CPU = Signed|Any CPU
		Signed|Mixed Platforms = Signed|Mixed Platforms
		Signed|x86 = Signed|x86
		STATIC_ONLY NO_EXPRESSIONS|Any CPU = STATIC_ONLY NO_EXPRESSIONS|Any CPU
		STATIC_ONLY NO_EXPRESSIONS|Mixed Platforms = STATIC_ONLY NO_EXPRESSIONS|Mixed Platforms
		STATIC_ONLY NO_EXPRESSIONS|x86 = STATIC_ONLY NO_EXPRESSIONS|x86
	EndGlobalSection
	GlobalSection(ProjectConfigurationPlatforms) = postSolution
		{CC173585-7515-40BA-B6C1-142EA635E864}.Debug|Any CPU.ActiveCfg = Debug|Any CPU
		{CC173585-7515-40BA-B6C1-142EA635E864}.Debug|Any CPU.Build.0 = Debug|Any CPU
		{CC173585-7515-40BA-B6C1-142EA635E864}.Debug|Mixed Platforms.ActiveCfg = Debug|Any CPU
		{CC173585-7515-40BA-B6C1-142EA635E864}.Debug|Mixed Platforms.Build.0 = Debug|Any CPU
		{CC173585-7515-40BA-B6C1-142EA635E864}.Debug|x86.ActiveCfg = Debug|Any CPU
		{CC173585-7515-40BA-B6C1-142EA635E864}.Debug|x86.Build.0 = Debug|Any CPU
		{CC173585-7515-40BA-B6C1-142EA635E864}.MonoTouch|Any CPU.ActiveCfg = Release|Any CPU
		{CC173585-7515-40BA-B6C1-142EA635E864}.MonoTouch|Any CPU.Build.0 = Release|Any CPU
		{CC173585-7515-40BA-B6C1-142EA635E864}.MonoTouch|Mixed Platforms.ActiveCfg = Release|Any CPU
		{CC173585-7515-40BA-B6C1-142EA635E864}.MonoTouch|Mixed Platforms.Build.0 = Release|Any CPU
		{CC173585-7515-40BA-B6C1-142EA635E864}.MonoTouch|x86.ActiveCfg = Release|Any CPU
		{CC173585-7515-40BA-B6C1-142EA635E864}.MonoTouch|x86.Build.0 = Release|Any CPU
		{CC173585-7515-40BA-B6C1-142EA635E864}.Release|Any CPU.ActiveCfg = Release|Any CPU
		{CC173585-7515-40BA-B6C1-142EA635E864}.Release|Any CPU.Build.0 = Release|Any CPU
		{CC173585-7515-40BA-B6C1-142EA635E864}.Release|Mixed Platforms.ActiveCfg = Release|Any CPU
		{CC173585-7515-40BA-B6C1-142EA635E864}.Release|Mixed Platforms.Build.0 = Release|Any CPU
		{CC173585-7515-40BA-B6C1-142EA635E864}.Release|x86.ActiveCfg = Release|Any CPU
		{CC173585-7515-40BA-B6C1-142EA635E864}.Release|x86.Build.0 = Release|Any CPU
		{CC173585-7515-40BA-B6C1-142EA635E864}.Signed|Any CPU.ActiveCfg = Release|Any CPU
		{CC173585-7515-40BA-B6C1-142EA635E864}.Signed|Any CPU.Build.0 = Release|Any CPU
		{CC173585-7515-40BA-B6C1-142EA635E864}.Signed|Mixed Platforms.ActiveCfg = Release|Any CPU
		{CC173585-7515-40BA-B6C1-142EA635E864}.Signed|Mixed Platforms.Build.0 = Release|Any CPU
		{CC173585-7515-40BA-B6C1-142EA635E864}.Signed|x86.ActiveCfg = Release|Any CPU
		{CC173585-7515-40BA-B6C1-142EA635E864}.Signed|x86.Build.0 = Release|Any CPU
		{CC173585-7515-40BA-B6C1-142EA635E864}.STATIC_ONLY NO_EXPRESSIONS|Any CPU.ActiveCfg = Release|Any CPU
		{CC173585-7515-40BA-B6C1-142EA635E864}.STATIC_ONLY NO_EXPRESSIONS|Any CPU.Build.0 = Release|Any CPU
		{CC173585-7515-40BA-B6C1-142EA635E864}.STATIC_ONLY NO_EXPRESSIONS|Mixed Platforms.ActiveCfg = Release|Any CPU
		{CC173585-7515-40BA-B6C1-142EA635E864}.STATIC_ONLY NO_EXPRESSIONS|Mixed Platforms.Build.0 = Release|Any CPU
		{CC173585-7515-40BA-B6C1-142EA635E864}.STATIC_ONLY NO_EXPRESSIONS|x86.ActiveCfg = Release|Any CPU
		{CC173585-7515-40BA-B6C1-142EA635E864}.STATIC_ONLY NO_EXPRESSIONS|x86.Build.0 = Release|Any CPU
		{E340AE40-B7B1-4DE4-8341-B318ABBA6C97}.Debug|Any CPU.ActiveCfg = Debug|Any CPU
		{E340AE40-B7B1-4DE4-8341-B318ABBA6C97}.Debug|Any CPU.Build.0 = Debug|Any CPU
		{E340AE40-B7B1-4DE4-8341-B318ABBA6C97}.Debug|Mixed Platforms.ActiveCfg = Debug|Any CPU
		{E340AE40-B7B1-4DE4-8341-B318ABBA6C97}.Debug|Mixed Platforms.Build.0 = Debug|Any CPU
		{E340AE40-B7B1-4DE4-8341-B318ABBA6C97}.Debug|x86.ActiveCfg = Debug|Any CPU
		{E340AE40-B7B1-4DE4-8341-B318ABBA6C97}.Debug|x86.Build.0 = Debug|Any CPU
		{E340AE40-B7B1-4DE4-8341-B318ABBA6C97}.MonoTouch|Any CPU.ActiveCfg = Release|Any CPU
		{E340AE40-B7B1-4DE4-8341-B318ABBA6C97}.MonoTouch|Any CPU.Build.0 = Release|Any CPU
		{E340AE40-B7B1-4DE4-8341-B318ABBA6C97}.MonoTouch|Mixed Platforms.ActiveCfg = Release|Any CPU
		{E340AE40-B7B1-4DE4-8341-B318ABBA6C97}.MonoTouch|Mixed Platforms.Build.0 = Release|Any CPU
		{E340AE40-B7B1-4DE4-8341-B318ABBA6C97}.MonoTouch|x86.ActiveCfg = Release|Any CPU
		{E340AE40-B7B1-4DE4-8341-B318ABBA6C97}.MonoTouch|x86.Build.0 = Release|Any CPU
		{E340AE40-B7B1-4DE4-8341-B318ABBA6C97}.Release|Any CPU.ActiveCfg = Release|Any CPU
		{E340AE40-B7B1-4DE4-8341-B318ABBA6C97}.Release|Any CPU.Build.0 = Release|Any CPU
		{E340AE40-B7B1-4DE4-8341-B318ABBA6C97}.Release|Mixed Platforms.ActiveCfg = Release|Any CPU
		{E340AE40-B7B1-4DE4-8341-B318ABBA6C97}.Release|Mixed Platforms.Build.0 = Release|Any CPU
		{E340AE40-B7B1-4DE4-8341-B318ABBA6C97}.Release|x86.ActiveCfg = Release|Any CPU
		{E340AE40-B7B1-4DE4-8341-B318ABBA6C97}.Release|x86.Build.0 = Release|Any CPU
		{E340AE40-B7B1-4DE4-8341-B318ABBA6C97}.Signed|Any CPU.ActiveCfg = Release|Any CPU
		{E340AE40-B7B1-4DE4-8341-B318ABBA6C97}.Signed|Any CPU.Build.0 = Release|Any CPU
		{E340AE40-B7B1-4DE4-8341-B318ABBA6C97}.Signed|Mixed Platforms.ActiveCfg = Release|Any CPU
		{E340AE40-B7B1-4DE4-8341-B318ABBA6C97}.Signed|Mixed Platforms.Build.0 = Release|Any CPU
		{E340AE40-B7B1-4DE4-8341-B318ABBA6C97}.Signed|x86.ActiveCfg = Release|Any CPU
		{E340AE40-B7B1-4DE4-8341-B318ABBA6C97}.Signed|x86.Build.0 = Release|Any CPU
		{E340AE40-B7B1-4DE4-8341-B318ABBA6C97}.STATIC_ONLY NO_EXPRESSIONS|Any CPU.ActiveCfg = Release|Any CPU
		{E340AE40-B7B1-4DE4-8341-B318ABBA6C97}.STATIC_ONLY NO_EXPRESSIONS|Any CPU.Build.0 = Release|Any CPU
		{E340AE40-B7B1-4DE4-8341-B318ABBA6C97}.STATIC_ONLY NO_EXPRESSIONS|Mixed Platforms.ActiveCfg = Release|Any CPU
		{E340AE40-B7B1-4DE4-8341-B318ABBA6C97}.STATIC_ONLY NO_EXPRESSIONS|Mixed Platforms.Build.0 = Release|Any CPU
		{E340AE40-B7B1-4DE4-8341-B318ABBA6C97}.STATIC_ONLY NO_EXPRESSIONS|x86.ActiveCfg = Release|Any CPU
		{E340AE40-B7B1-4DE4-8341-B318ABBA6C97}.STATIC_ONLY NO_EXPRESSIONS|x86.Build.0 = Release|Any CPU
		{C3D87860-A5A5-44B8-BFBF-4D43CC515A5A}.Debug|Any CPU.ActiveCfg = Debug|Any CPU
		{C3D87860-A5A5-44B8-BFBF-4D43CC515A5A}.Debug|Any CPU.Build.0 = Debug|Any CPU
		{C3D87860-A5A5-44B8-BFBF-4D43CC515A5A}.Debug|Mixed Platforms.ActiveCfg = Debug|Any CPU
		{C3D87860-A5A5-44B8-BFBF-4D43CC515A5A}.Debug|Mixed Platforms.Build.0 = Debug|Any CPU
		{C3D87860-A5A5-44B8-BFBF-4D43CC515A5A}.Debug|x86.ActiveCfg = Debug|Any CPU
		{C3D87860-A5A5-44B8-BFBF-4D43CC515A5A}.Debug|x86.Build.0 = Debug|Any CPU
		{C3D87860-A5A5-44B8-BFBF-4D43CC515A5A}.MonoTouch|Any CPU.ActiveCfg = Release|Any CPU
		{C3D87860-A5A5-44B8-BFBF-4D43CC515A5A}.MonoTouch|Any CPU.Build.0 = Release|Any CPU
		{C3D87860-A5A5-44B8-BFBF-4D43CC515A5A}.MonoTouch|Mixed Platforms.ActiveCfg = Release|Any CPU
		{C3D87860-A5A5-44B8-BFBF-4D43CC515A5A}.MonoTouch|Mixed Platforms.Build.0 = Release|Any CPU
		{C3D87860-A5A5-44B8-BFBF-4D43CC515A5A}.MonoTouch|x86.ActiveCfg = Release|Any CPU
		{C3D87860-A5A5-44B8-BFBF-4D43CC515A5A}.MonoTouch|x86.Build.0 = Release|Any CPU
		{C3D87860-A5A5-44B8-BFBF-4D43CC515A5A}.Release|Any CPU.ActiveCfg = Release|Any CPU
		{C3D87860-A5A5-44B8-BFBF-4D43CC515A5A}.Release|Any CPU.Build.0 = Release|Any CPU
		{C3D87860-A5A5-44B8-BFBF-4D43CC515A5A}.Release|Mixed Platforms.ActiveCfg = Release|Any CPU
		{C3D87860-A5A5-44B8-BFBF-4D43CC515A5A}.Release|Mixed Platforms.Build.0 = Release|Any CPU
		{C3D87860-A5A5-44B8-BFBF-4D43CC515A5A}.Release|x86.ActiveCfg = Release|Any CPU
		{C3D87860-A5A5-44B8-BFBF-4D43CC515A5A}.Release|x86.Build.0 = Release|Any CPU
		{C3D87860-A5A5-44B8-BFBF-4D43CC515A5A}.Signed|Any CPU.ActiveCfg = Release|Any CPU
		{C3D87860-A5A5-44B8-BFBF-4D43CC515A5A}.Signed|Any CPU.Build.0 = Release|Any CPU
		{C3D87860-A5A5-44B8-BFBF-4D43CC515A5A}.Signed|Mixed Platforms.ActiveCfg = Release|Any CPU
		{C3D87860-A5A5-44B8-BFBF-4D43CC515A5A}.Signed|Mixed Platforms.Build.0 = Release|Any CPU
		{C3D87860-A5A5-44B8-BFBF-4D43CC515A5A}.Signed|x86.ActiveCfg = Release|Any CPU
		{C3D87860-A5A5-44B8-BFBF-4D43CC515A5A}.Signed|x86.Build.0 = Release|Any CPU
		{C3D87860-A5A5-44B8-BFBF-4D43CC515A5A}.STATIC_ONLY NO_EXPRESSIONS|Any CPU.ActiveCfg = Release|Any CPU
		{C3D87860-A5A5-44B8-BFBF-4D43CC515A5A}.STATIC_ONLY NO_EXPRESSIONS|Any CPU.Build.0 = Release|Any CPU
		{C3D87860-A5A5-44B8-BFBF-4D43CC515A5A}.STATIC_ONLY NO_EXPRESSIONS|Mixed Platforms.ActiveCfg = Release|Any CPU
		{C3D87860-A5A5-44B8-BFBF-4D43CC515A5A}.STATIC_ONLY NO_EXPRESSIONS|Mixed Platforms.Build.0 = Release|Any CPU
		{C3D87860-A5A5-44B8-BFBF-4D43CC515A5A}.STATIC_ONLY NO_EXPRESSIONS|x86.ActiveCfg = Release|Any CPU
		{C3D87860-A5A5-44B8-BFBF-4D43CC515A5A}.STATIC_ONLY NO_EXPRESSIONS|x86.Build.0 = Release|Any CPU
		{166F6EB2-5143-43DE-B578-1F0E31A596D5}.Debug|Any CPU.ActiveCfg = Debug|Any CPU
		{166F6EB2-5143-43DE-B578-1F0E31A596D5}.Debug|Any CPU.Build.0 = Debug|Any CPU
		{166F6EB2-5143-43DE-B578-1F0E31A596D5}.Debug|Mixed Platforms.ActiveCfg = Debug|x86
		{166F6EB2-5143-43DE-B578-1F0E31A596D5}.Debug|Mixed Platforms.Build.0 = Debug|x86
		{166F6EB2-5143-43DE-B578-1F0E31A596D5}.Debug|x86.ActiveCfg = Debug|x86
		{166F6EB2-5143-43DE-B578-1F0E31A596D5}.Debug|x86.Build.0 = Debug|x86
		{166F6EB2-5143-43DE-B578-1F0E31A596D5}.MonoTouch|Any CPU.ActiveCfg = Release|Any CPU
		{166F6EB2-5143-43DE-B578-1F0E31A596D5}.MonoTouch|Any CPU.Build.0 = Release|Any CPU
		{166F6EB2-5143-43DE-B578-1F0E31A596D5}.MonoTouch|Mixed Platforms.ActiveCfg = Release|x86
		{166F6EB2-5143-43DE-B578-1F0E31A596D5}.MonoTouch|Mixed Platforms.Build.0 = Release|x86
		{166F6EB2-5143-43DE-B578-1F0E31A596D5}.MonoTouch|x86.ActiveCfg = Release|x86
		{166F6EB2-5143-43DE-B578-1F0E31A596D5}.MonoTouch|x86.Build.0 = Release|x86
		{166F6EB2-5143-43DE-B578-1F0E31A596D5}.Release|Any CPU.ActiveCfg = Release|Any CPU
		{166F6EB2-5143-43DE-B578-1F0E31A596D5}.Release|Any CPU.Build.0 = Release|Any CPU
		{166F6EB2-5143-43DE-B578-1F0E31A596D5}.Release|Mixed Platforms.ActiveCfg = Release|x86
		{166F6EB2-5143-43DE-B578-1F0E31A596D5}.Release|Mixed Platforms.Build.0 = Release|x86
		{166F6EB2-5143-43DE-B578-1F0E31A596D5}.Release|x86.ActiveCfg = Release|x86
		{166F6EB2-5143-43DE-B578-1F0E31A596D5}.Release|x86.Build.0 = Release|x86
		{166F6EB2-5143-43DE-B578-1F0E31A596D5}.Signed|Any CPU.ActiveCfg = Release|Any CPU
		{166F6EB2-5143-43DE-B578-1F0E31A596D5}.Signed|Any CPU.Build.0 = Release|Any CPU
		{166F6EB2-5143-43DE-B578-1F0E31A596D5}.Signed|Mixed Platforms.ActiveCfg = Release|x86
		{166F6EB2-5143-43DE-B578-1F0E31A596D5}.Signed|Mixed Platforms.Build.0 = Release|x86
		{166F6EB2-5143-43DE-B578-1F0E31A596D5}.Signed|x86.ActiveCfg = Release|x86
		{166F6EB2-5143-43DE-B578-1F0E31A596D5}.Signed|x86.Build.0 = Release|x86
		{166F6EB2-5143-43DE-B578-1F0E31A596D5}.STATIC_ONLY NO_EXPRESSIONS|Any CPU.ActiveCfg = Release|Any CPU
		{166F6EB2-5143-43DE-B578-1F0E31A596D5}.STATIC_ONLY NO_EXPRESSIONS|Any CPU.Build.0 = Release|Any CPU
		{166F6EB2-5143-43DE-B578-1F0E31A596D5}.STATIC_ONLY NO_EXPRESSIONS|Mixed Platforms.ActiveCfg = Release|x86
		{166F6EB2-5143-43DE-B578-1F0E31A596D5}.STATIC_ONLY NO_EXPRESSIONS|Mixed Platforms.Build.0 = Release|x86
		{166F6EB2-5143-43DE-B578-1F0E31A596D5}.STATIC_ONLY NO_EXPRESSIONS|x86.ActiveCfg = Release|x86
		{166F6EB2-5143-43DE-B578-1F0E31A596D5}.STATIC_ONLY NO_EXPRESSIONS|x86.Build.0 = Release|x86
		{95E9561C-EC23-4E45-9DC2-786C7BD6C5F7}.Debug|Any CPU.ActiveCfg = Debug|Any CPU
		{95E9561C-EC23-4E45-9DC2-786C7BD6C5F7}.Debug|Any CPU.Build.0 = Debug|Any CPU
		{95E9561C-EC23-4E45-9DC2-786C7BD6C5F7}.Debug|Mixed Platforms.ActiveCfg = Debug|Any CPU
		{95E9561C-EC23-4E45-9DC2-786C7BD6C5F7}.Debug|Mixed Platforms.Build.0 = Debug|Any CPU
		{95E9561C-EC23-4E45-9DC2-786C7BD6C5F7}.Debug|x86.ActiveCfg = Debug|Any CPU
		{95E9561C-EC23-4E45-9DC2-786C7BD6C5F7}.Debug|x86.Build.0 = Debug|Any CPU
		{95E9561C-EC23-4E45-9DC2-786C7BD6C5F7}.MonoTouch|Any CPU.ActiveCfg = Release|Any CPU
		{95E9561C-EC23-4E45-9DC2-786C7BD6C5F7}.MonoTouch|Any CPU.Build.0 = Release|Any CPU
		{95E9561C-EC23-4E45-9DC2-786C7BD6C5F7}.MonoTouch|Mixed Platforms.ActiveCfg = Release|Any CPU
		{95E9561C-EC23-4E45-9DC2-786C7BD6C5F7}.MonoTouch|Mixed Platforms.Build.0 = Release|Any CPU
		{95E9561C-EC23-4E45-9DC2-786C7BD6C5F7}.MonoTouch|x86.ActiveCfg = Release|Any CPU
		{95E9561C-EC23-4E45-9DC2-786C7BD6C5F7}.MonoTouch|x86.Build.0 = Release|Any CPU
		{95E9561C-EC23-4E45-9DC2-786C7BD6C5F7}.Release|Any CPU.ActiveCfg = Release|Any CPU
		{95E9561C-EC23-4E45-9DC2-786C7BD6C5F7}.Release|Any CPU.Build.0 = Release|Any CPU
		{95E9561C-EC23-4E45-9DC2-786C7BD6C5F7}.Release|Mixed Platforms.ActiveCfg = Release|Any CPU
		{95E9561C-EC23-4E45-9DC2-786C7BD6C5F7}.Release|Mixed Platforms.Build.0 = Release|Any CPU
		{95E9561C-EC23-4E45-9DC2-786C7BD6C5F7}.Release|x86.ActiveCfg = Release|Any CPU
		{95E9561C-EC23-4E45-9DC2-786C7BD6C5F7}.Release|x86.Build.0 = Release|Any CPU
		{95E9561C-EC23-4E45-9DC2-786C7BD6C5F7}.Signed|Any CPU.ActiveCfg = Release|Any CPU
		{95E9561C-EC23-4E45-9DC2-786C7BD6C5F7}.Signed|Any CPU.Build.0 = Release|Any CPU
		{95E9561C-EC23-4E45-9DC2-786C7BD6C5F7}.Signed|Mixed Platforms.ActiveCfg = Release|Any CPU
		{95E9561C-EC23-4E45-9DC2-786C7BD6C5F7}.Signed|Mixed Platforms.Build.0 = Release|Any CPU
		{95E9561C-EC23-4E45-9DC2-786C7BD6C5F7}.Signed|x86.ActiveCfg = Release|Any CPU
		{95E9561C-EC23-4E45-9DC2-786C7BD6C5F7}.Signed|x86.Build.0 = Release|Any CPU
		{95E9561C-EC23-4E45-9DC2-786C7BD6C5F7}.STATIC_ONLY NO_EXPRESSIONS|Any CPU.ActiveCfg = Release|Any CPU
		{95E9561C-EC23-4E45-9DC2-786C7BD6C5F7}.STATIC_ONLY NO_EXPRESSIONS|Any CPU.Build.0 = Release|Any CPU
		{95E9561C-EC23-4E45-9DC2-786C7BD6C5F7}.STATIC_ONLY NO_EXPRESSIONS|Mixed Platforms.ActiveCfg = Release|Any CPU
		{95E9561C-EC23-4E45-9DC2-786C7BD6C5F7}.STATIC_ONLY NO_EXPRESSIONS|Mixed Platforms.Build.0 = Release|Any CPU
		{95E9561C-EC23-4E45-9DC2-786C7BD6C5F7}.STATIC_ONLY NO_EXPRESSIONS|x86.ActiveCfg = Release|Any CPU
		{95E9561C-EC23-4E45-9DC2-786C7BD6C5F7}.STATIC_ONLY NO_EXPRESSIONS|x86.Build.0 = Release|Any CPU
		{F5720451-37E3-45B7-80B0-CA876707943A}.Debug|Any CPU.ActiveCfg = Debug|Any CPU
		{F5720451-37E3-45B7-80B0-CA876707943A}.Debug|Any CPU.Build.0 = Debug|Any CPU
		{F5720451-37E3-45B7-80B0-CA876707943A}.Debug|Mixed Platforms.ActiveCfg = Debug|Any CPU
		{F5720451-37E3-45B7-80B0-CA876707943A}.Debug|Mixed Platforms.Build.0 = Debug|Any CPU
		{F5720451-37E3-45B7-80B0-CA876707943A}.Debug|x86.ActiveCfg = Debug|Any CPU
		{F5720451-37E3-45B7-80B0-CA876707943A}.Debug|x86.Build.0 = Debug|Any CPU
		{F5720451-37E3-45B7-80B0-CA876707943A}.MonoTouch|Any CPU.ActiveCfg = Release|Any CPU
		{F5720451-37E3-45B7-80B0-CA876707943A}.MonoTouch|Any CPU.Build.0 = Release|Any CPU
		{F5720451-37E3-45B7-80B0-CA876707943A}.MonoTouch|Mixed Platforms.ActiveCfg = Release|Any CPU
		{F5720451-37E3-45B7-80B0-CA876707943A}.MonoTouch|Mixed Platforms.Build.0 = Release|Any CPU
		{F5720451-37E3-45B7-80B0-CA876707943A}.MonoTouch|x86.ActiveCfg = Release|Any CPU
		{F5720451-37E3-45B7-80B0-CA876707943A}.MonoTouch|x86.Build.0 = Release|Any CPU
		{F5720451-37E3-45B7-80B0-CA876707943A}.Release|Any CPU.ActiveCfg = Release|Any CPU
		{F5720451-37E3-45B7-80B0-CA876707943A}.Release|Any CPU.Build.0 = Release|Any CPU
		{F5720451-37E3-45B7-80B0-CA876707943A}.Release|Mixed Platforms.ActiveCfg = Release|Any CPU
		{F5720451-37E3-45B7-80B0-CA876707943A}.Release|Mixed Platforms.Build.0 = Release|Any CPU
		{F5720451-37E3-45B7-80B0-CA876707943A}.Release|x86.ActiveCfg = Release|Any CPU
		{F5720451-37E3-45B7-80B0-CA876707943A}.Release|x86.Build.0 = Release|Any CPU
		{F5720451-37E3-45B7-80B0-CA876707943A}.Signed|Any CPU.ActiveCfg = Release|Any CPU
		{F5720451-37E3-45B7-80B0-CA876707943A}.Signed|Any CPU.Build.0 = Release|Any CPU
		{F5720451-37E3-45B7-80B0-CA876707943A}.Signed|Mixed Platforms.ActiveCfg = Release|Any CPU
		{F5720451-37E3-45B7-80B0-CA876707943A}.Signed|Mixed Platforms.Build.0 = Release|Any CPU
		{F5720451-37E3-45B7-80B0-CA876707943A}.Signed|x86.ActiveCfg = Release|Any CPU
		{F5720451-37E3-45B7-80B0-CA876707943A}.Signed|x86.Build.0 = Release|Any CPU
		{F5720451-37E3-45B7-80B0-CA876707943A}.STATIC_ONLY NO_EXPRESSIONS|Any CPU.ActiveCfg = Release|Any CPU
		{F5720451-37E3-45B7-80B0-CA876707943A}.STATIC_ONLY NO_EXPRESSIONS|Any CPU.Build.0 = Release|Any CPU
		{F5720451-37E3-45B7-80B0-CA876707943A}.STATIC_ONLY NO_EXPRESSIONS|Mixed Platforms.ActiveCfg = Release|Any CPU
		{F5720451-37E3-45B7-80B0-CA876707943A}.STATIC_ONLY NO_EXPRESSIONS|Mixed Platforms.Build.0 = Release|Any CPU
		{F5720451-37E3-45B7-80B0-CA876707943A}.STATIC_ONLY NO_EXPRESSIONS|x86.ActiveCfg = Release|Any CPU
		{F5720451-37E3-45B7-80B0-CA876707943A}.STATIC_ONLY NO_EXPRESSIONS|x86.Build.0 = Release|Any CPU
		{B68C6B2C-309E-40C4-BA96-E37B8124304A}.Debug|Any CPU.ActiveCfg = Debug|Any CPU
		{B68C6B2C-309E-40C4-BA96-E37B8124304A}.Debug|Any CPU.Build.0 = Debug|Any CPU
		{B68C6B2C-309E-40C4-BA96-E37B8124304A}.Debug|Mixed Platforms.ActiveCfg = Debug|Any CPU
		{B68C6B2C-309E-40C4-BA96-E37B8124304A}.Debug|Mixed Platforms.Build.0 = Debug|Any CPU
		{B68C6B2C-309E-40C4-BA96-E37B8124304A}.Debug|x86.ActiveCfg = Debug|Any CPU
		{B68C6B2C-309E-40C4-BA96-E37B8124304A}.Debug|x86.Build.0 = Debug|Any CPU
		{B68C6B2C-309E-40C4-BA96-E37B8124304A}.MonoTouch|Any CPU.ActiveCfg = Release|Any CPU
		{B68C6B2C-309E-40C4-BA96-E37B8124304A}.MonoTouch|Any CPU.Build.0 = Release|Any CPU
		{B68C6B2C-309E-40C4-BA96-E37B8124304A}.MonoTouch|Mixed Platforms.ActiveCfg = Release|Any CPU
		{B68C6B2C-309E-40C4-BA96-E37B8124304A}.MonoTouch|Mixed Platforms.Build.0 = Release|Any CPU
		{B68C6B2C-309E-40C4-BA96-E37B8124304A}.MonoTouch|x86.ActiveCfg = Release|Any CPU
		{B68C6B2C-309E-40C4-BA96-E37B8124304A}.MonoTouch|x86.Build.0 = Release|Any CPU
		{B68C6B2C-309E-40C4-BA96-E37B8124304A}.Release|Any CPU.ActiveCfg = Release|Any CPU
		{B68C6B2C-309E-40C4-BA96-E37B8124304A}.Release|Any CPU.Build.0 = Release|Any CPU
		{B68C6B2C-309E-40C4-BA96-E37B8124304A}.Release|Mixed Platforms.ActiveCfg = Release|Any CPU
		{B68C6B2C-309E-40C4-BA96-E37B8124304A}.Release|Mixed Platforms.Build.0 = Release|Any CPU
		{B68C6B2C-309E-40C4-BA96-E37B8124304A}.Release|x86.ActiveCfg = Release|Any CPU
		{B68C6B2C-309E-40C4-BA96-E37B8124304A}.Release|x86.Build.0 = Release|Any CPU
		{B68C6B2C-309E-40C4-BA96-E37B8124304A}.Signed|Any CPU.ActiveCfg = Release|Any CPU
		{B68C6B2C-309E-40C4-BA96-E37B8124304A}.Signed|Any CPU.Build.0 = Release|Any CPU
		{B68C6B2C-309E-40C4-BA96-E37B8124304A}.Signed|Mixed Platforms.ActiveCfg = Release|Any CPU
		{B68C6B2C-309E-40C4-BA96-E37B8124304A}.Signed|Mixed Platforms.Build.0 = Release|Any CPU
		{B68C6B2C-309E-40C4-BA96-E37B8124304A}.Signed|x86.ActiveCfg = Release|Any CPU
		{B68C6B2C-309E-40C4-BA96-E37B8124304A}.Signed|x86.Build.0 = Release|Any CPU
		{B68C6B2C-309E-40C4-BA96-E37B8124304A}.STATIC_ONLY NO_EXPRESSIONS|Any CPU.ActiveCfg = Release|Any CPU
		{B68C6B2C-309E-40C4-BA96-E37B8124304A}.STATIC_ONLY NO_EXPRESSIONS|Any CPU.Build.0 = Release|Any CPU
		{B68C6B2C-309E-40C4-BA96-E37B8124304A}.STATIC_ONLY NO_EXPRESSIONS|Mixed Platforms.ActiveCfg = Release|Any CPU
		{B68C6B2C-309E-40C4-BA96-E37B8124304A}.STATIC_ONLY NO_EXPRESSIONS|Mixed Platforms.Build.0 = Release|Any CPU
		{B68C6B2C-309E-40C4-BA96-E37B8124304A}.STATIC_ONLY NO_EXPRESSIONS|x86.ActiveCfg = Release|Any CPU
		{B68C6B2C-309E-40C4-BA96-E37B8124304A}.STATIC_ONLY NO_EXPRESSIONS|x86.Build.0 = Release|Any CPU
		{3BB78F29-D840-41B2-9460-A2820373CD20}.Debug|Any CPU.ActiveCfg = Debug|Any CPU
		{3BB78F29-D840-41B2-9460-A2820373CD20}.Debug|Any CPU.Build.0 = Debug|Any CPU
		{3BB78F29-D840-41B2-9460-A2820373CD20}.Debug|Mixed Platforms.ActiveCfg = Debug|Any CPU
		{3BB78F29-D840-41B2-9460-A2820373CD20}.Debug|Mixed Platforms.Build.0 = Debug|Any CPU
		{3BB78F29-D840-41B2-9460-A2820373CD20}.Debug|x86.ActiveCfg = Debug|Any CPU
		{3BB78F29-D840-41B2-9460-A2820373CD20}.Debug|x86.Build.0 = Debug|Any CPU
		{3BB78F29-D840-41B2-9460-A2820373CD20}.MonoTouch|Any CPU.ActiveCfg = Release|Any CPU
		{3BB78F29-D840-41B2-9460-A2820373CD20}.MonoTouch|Any CPU.Build.0 = Release|Any CPU
		{3BB78F29-D840-41B2-9460-A2820373CD20}.MonoTouch|Mixed Platforms.ActiveCfg = Release|Any CPU
		{3BB78F29-D840-41B2-9460-A2820373CD20}.MonoTouch|Mixed Platforms.Build.0 = Release|Any CPU
		{3BB78F29-D840-41B2-9460-A2820373CD20}.MonoTouch|x86.ActiveCfg = Release|Any CPU
		{3BB78F29-D840-41B2-9460-A2820373CD20}.MonoTouch|x86.Build.0 = Release|Any CPU
		{3BB78F29-D840-41B2-9460-A2820373CD20}.Release|Any CPU.ActiveCfg = Release|Any CPU
		{3BB78F29-D840-41B2-9460-A2820373CD20}.Release|Any CPU.Build.0 = Release|Any CPU
		{3BB78F29-D840-41B2-9460-A2820373CD20}.Release|Mixed Platforms.ActiveCfg = Release|Any CPU
		{3BB78F29-D840-41B2-9460-A2820373CD20}.Release|Mixed Platforms.Build.0 = Release|Any CPU
		{3BB78F29-D840-41B2-9460-A2820373CD20}.Release|x86.ActiveCfg = Release|Any CPU
		{3BB78F29-D840-41B2-9460-A2820373CD20}.Release|x86.Build.0 = Release|Any CPU
		{3BB78F29-D840-41B2-9460-A2820373CD20}.Signed|Any CPU.ActiveCfg = Release|Any CPU
		{3BB78F29-D840-41B2-9460-A2820373CD20}.Signed|Any CPU.Build.0 = Release|Any CPU
		{3BB78F29-D840-41B2-9460-A2820373CD20}.Signed|Mixed Platforms.ActiveCfg = Release|Any CPU
		{3BB78F29-D840-41B2-9460-A2820373CD20}.Signed|Mixed Platforms.Build.0 = Release|Any CPU
		{3BB78F29-D840-41B2-9460-A2820373CD20}.Signed|x86.ActiveCfg = Release|Any CPU
		{3BB78F29-D840-41B2-9460-A2820373CD20}.Signed|x86.Build.0 = Release|Any CPU
		{3BB78F29-D840-41B2-9460-A2820373CD20}.STATIC_ONLY NO_EXPRESSIONS|Any CPU.ActiveCfg = Release|Any CPU
		{3BB78F29-D840-41B2-9460-A2820373CD20}.STATIC_ONLY NO_EXPRESSIONS|Any CPU.Build.0 = Release|Any CPU
		{3BB78F29-D840-41B2-9460-A2820373CD20}.STATIC_ONLY NO_EXPRESSIONS|Mixed Platforms.ActiveCfg = Release|Any CPU
		{3BB78F29-D840-41B2-9460-A2820373CD20}.STATIC_ONLY NO_EXPRESSIONS|Mixed Platforms.Build.0 = Release|Any CPU
		{3BB78F29-D840-41B2-9460-A2820373CD20}.STATIC_ONLY NO_EXPRESSIONS|x86.ActiveCfg = Release|Any CPU
		{3BB78F29-D840-41B2-9460-A2820373CD20}.STATIC_ONLY NO_EXPRESSIONS|x86.Build.0 = Release|Any CPU
		{099A8DEA-F66F-4584-978D-6C1C0CE78360}.Debug|Any CPU.ActiveCfg = Debug|Any CPU
		{099A8DEA-F66F-4584-978D-6C1C0CE78360}.Debug|Any CPU.Build.0 = Debug|Any CPU
		{099A8DEA-F66F-4584-978D-6C1C0CE78360}.Debug|Mixed Platforms.ActiveCfg = Debug|Any CPU
		{099A8DEA-F66F-4584-978D-6C1C0CE78360}.Debug|Mixed Platforms.Build.0 = Debug|Any CPU
		{099A8DEA-F66F-4584-978D-6C1C0CE78360}.Debug|x86.ActiveCfg = Debug|Any CPU
		{099A8DEA-F66F-4584-978D-6C1C0CE78360}.Debug|x86.Build.0 = Debug|Any CPU
		{099A8DEA-F66F-4584-978D-6C1C0CE78360}.MonoTouch|Any CPU.ActiveCfg = Release|Any CPU
		{099A8DEA-F66F-4584-978D-6C1C0CE78360}.MonoTouch|Any CPU.Build.0 = Release|Any CPU
		{099A8DEA-F66F-4584-978D-6C1C0CE78360}.MonoTouch|Mixed Platforms.ActiveCfg = Release|Any CPU
		{099A8DEA-F66F-4584-978D-6C1C0CE78360}.MonoTouch|Mixed Platforms.Build.0 = Release|Any CPU
		{099A8DEA-F66F-4584-978D-6C1C0CE78360}.MonoTouch|x86.ActiveCfg = Release|Any CPU
		{099A8DEA-F66F-4584-978D-6C1C0CE78360}.MonoTouch|x86.Build.0 = Release|Any CPU
		{099A8DEA-F66F-4584-978D-6C1C0CE78360}.Release|Any CPU.ActiveCfg = Release|Any CPU
		{099A8DEA-F66F-4584-978D-6C1C0CE78360}.Release|Any CPU.Build.0 = Release|Any CPU
		{099A8DEA-F66F-4584-978D-6C1C0CE78360}.Release|Mixed Platforms.ActiveCfg = Release|Any CPU
		{099A8DEA-F66F-4584-978D-6C1C0CE78360}.Release|Mixed Platforms.Build.0 = Release|Any CPU
		{099A8DEA-F66F-4584-978D-6C1C0CE78360}.Release|x86.ActiveCfg = Release|Any CPU
		{099A8DEA-F66F-4584-978D-6C1C0CE78360}.Release|x86.Build.0 = Release|Any CPU
		{099A8DEA-F66F-4584-978D-6C1C0CE78360}.Signed|Any CPU.ActiveCfg = Release|Any CPU
		{099A8DEA-F66F-4584-978D-6C1C0CE78360}.Signed|Any CPU.Build.0 = Release|Any CPU
		{099A8DEA-F66F-4584-978D-6C1C0CE78360}.Signed|Mixed Platforms.ActiveCfg = Release|Any CPU
		{099A8DEA-F66F-4584-978D-6C1C0CE78360}.Signed|Mixed Platforms.Build.0 = Release|Any CPU
		{099A8DEA-F66F-4584-978D-6C1C0CE78360}.Signed|x86.ActiveCfg = Release|Any CPU
		{099A8DEA-F66F-4584-978D-6C1C0CE78360}.Signed|x86.Build.0 = Release|Any CPU
		{099A8DEA-F66F-4584-978D-6C1C0CE78360}.STATIC_ONLY NO_EXPRESSIONS|Any CPU.ActiveCfg = Release|Any CPU
		{099A8DEA-F66F-4584-978D-6C1C0CE78360}.STATIC_ONLY NO_EXPRESSIONS|Any CPU.Build.0 = Release|Any CPU
		{099A8DEA-F66F-4584-978D-6C1C0CE78360}.STATIC_ONLY NO_EXPRESSIONS|Mixed Platforms.ActiveCfg = Release|Any CPU
		{099A8DEA-F66F-4584-978D-6C1C0CE78360}.STATIC_ONLY NO_EXPRESSIONS|Mixed Platforms.Build.0 = Release|Any CPU
		{099A8DEA-F66F-4584-978D-6C1C0CE78360}.STATIC_ONLY NO_EXPRESSIONS|x86.ActiveCfg = Release|Any CPU
		{099A8DEA-F66F-4584-978D-6C1C0CE78360}.STATIC_ONLY NO_EXPRESSIONS|x86.Build.0 = Release|Any CPU
		{54CA5DE2-D1EE-4316-8DB4-C272ABEFE001}.Debug|Any CPU.ActiveCfg = Debug|Any CPU
		{54CA5DE2-D1EE-4316-8DB4-C272ABEFE001}.Debug|Any CPU.Build.0 = Debug|Any CPU
		{54CA5DE2-D1EE-4316-8DB4-C272ABEFE001}.Debug|Mixed Platforms.ActiveCfg = Debug|Any CPU
		{54CA5DE2-D1EE-4316-8DB4-C272ABEFE001}.Debug|Mixed Platforms.Build.0 = Debug|Any CPU
		{54CA5DE2-D1EE-4316-8DB4-C272ABEFE001}.Debug|x86.ActiveCfg = Debug|Any CPU
		{54CA5DE2-D1EE-4316-8DB4-C272ABEFE001}.Debug|x86.Build.0 = Debug|Any CPU
		{54CA5DE2-D1EE-4316-8DB4-C272ABEFE001}.MonoTouch|Any CPU.ActiveCfg = Release|Any CPU
		{54CA5DE2-D1EE-4316-8DB4-C272ABEFE001}.MonoTouch|Any CPU.Build.0 = Release|Any CPU
		{54CA5DE2-D1EE-4316-8DB4-C272ABEFE001}.MonoTouch|Mixed Platforms.ActiveCfg = Release|Any CPU
		{54CA5DE2-D1EE-4316-8DB4-C272ABEFE001}.MonoTouch|Mixed Platforms.Build.0 = Release|Any CPU
		{54CA5DE2-D1EE-4316-8DB4-C272ABEFE001}.MonoTouch|x86.ActiveCfg = Release|Any CPU
		{54CA5DE2-D1EE-4316-8DB4-C272ABEFE001}.MonoTouch|x86.Build.0 = Release|Any CPU
		{54CA5DE2-D1EE-4316-8DB4-C272ABEFE001}.Release|Any CPU.ActiveCfg = Release|Any CPU
		{54CA5DE2-D1EE-4316-8DB4-C272ABEFE001}.Release|Any CPU.Build.0 = Release|Any CPU
		{54CA5DE2-D1EE-4316-8DB4-C272ABEFE001}.Release|Mixed Platforms.ActiveCfg = Release|Any CPU
		{54CA5DE2-D1EE-4316-8DB4-C272ABEFE001}.Release|Mixed Platforms.Build.0 = Release|Any CPU
		{54CA5DE2-D1EE-4316-8DB4-C272ABEFE001}.Release|x86.ActiveCfg = Release|Any CPU
		{54CA5DE2-D1EE-4316-8DB4-C272ABEFE001}.Release|x86.Build.0 = Release|Any CPU
		{54CA5DE2-D1EE-4316-8DB4-C272ABEFE001}.Signed|Any CPU.ActiveCfg = Release|Any CPU
		{54CA5DE2-D1EE-4316-8DB4-C272ABEFE001}.Signed|Any CPU.Build.0 = Release|Any CPU
		{54CA5DE2-D1EE-4316-8DB4-C272ABEFE001}.Signed|Mixed Platforms.ActiveCfg = Release|Any CPU
		{54CA5DE2-D1EE-4316-8DB4-C272ABEFE001}.Signed|Mixed Platforms.Build.0 = Release|Any CPU
		{54CA5DE2-D1EE-4316-8DB4-C272ABEFE001}.Signed|x86.ActiveCfg = Release|Any CPU
		{54CA5DE2-D1EE-4316-8DB4-C272ABEFE001}.Signed|x86.Build.0 = Release|Any CPU
		{54CA5DE2-D1EE-4316-8DB4-C272ABEFE001}.STATIC_ONLY NO_EXPRESSIONS|Any CPU.ActiveCfg = Release|Any CPU
		{54CA5DE2-D1EE-4316-8DB4-C272ABEFE001}.STATIC_ONLY NO_EXPRESSIONS|Any CPU.Build.0 = Release|Any CPU
		{54CA5DE2-D1EE-4316-8DB4-C272ABEFE001}.STATIC_ONLY NO_EXPRESSIONS|Mixed Platforms.ActiveCfg = Release|Any CPU
		{54CA5DE2-D1EE-4316-8DB4-C272ABEFE001}.STATIC_ONLY NO_EXPRESSIONS|Mixed Platforms.Build.0 = Release|Any CPU
		{54CA5DE2-D1EE-4316-8DB4-C272ABEFE001}.STATIC_ONLY NO_EXPRESSIONS|x86.ActiveCfg = Release|Any CPU
		{54CA5DE2-D1EE-4316-8DB4-C272ABEFE001}.STATIC_ONLY NO_EXPRESSIONS|x86.Build.0 = Release|Any CPU
		{F24D5BAB-A017-45A1-BE36-DE182689AD24}.Debug|Any CPU.ActiveCfg = Debug|Any CPU
		{F24D5BAB-A017-45A1-BE36-DE182689AD24}.Debug|Any CPU.Build.0 = Debug|Any CPU
		{F24D5BAB-A017-45A1-BE36-DE182689AD24}.Debug|Mixed Platforms.ActiveCfg = Debug|Any CPU
		{F24D5BAB-A017-45A1-BE36-DE182689AD24}.Debug|Mixed Platforms.Build.0 = Debug|Any CPU
		{F24D5BAB-A017-45A1-BE36-DE182689AD24}.Debug|x86.ActiveCfg = Debug|Any CPU
		{F24D5BAB-A017-45A1-BE36-DE182689AD24}.Debug|x86.Build.0 = Debug|Any CPU
		{F24D5BAB-A017-45A1-BE36-DE182689AD24}.MonoTouch|Any CPU.ActiveCfg = Release|Any CPU
		{F24D5BAB-A017-45A1-BE36-DE182689AD24}.MonoTouch|Any CPU.Build.0 = Release|Any CPU
		{F24D5BAB-A017-45A1-BE36-DE182689AD24}.MonoTouch|Mixed Platforms.ActiveCfg = Release|Any CPU
		{F24D5BAB-A017-45A1-BE36-DE182689AD24}.MonoTouch|Mixed Platforms.Build.0 = Release|Any CPU
		{F24D5BAB-A017-45A1-BE36-DE182689AD24}.MonoTouch|x86.ActiveCfg = Release|Any CPU
		{F24D5BAB-A017-45A1-BE36-DE182689AD24}.MonoTouch|x86.Build.0 = Release|Any CPU
		{F24D5BAB-A017-45A1-BE36-DE182689AD24}.Release|Any CPU.ActiveCfg = Release|Any CPU
		{F24D5BAB-A017-45A1-BE36-DE182689AD24}.Release|Any CPU.Build.0 = Release|Any CPU
		{F24D5BAB-A017-45A1-BE36-DE182689AD24}.Release|Mixed Platforms.ActiveCfg = Release|Any CPU
		{F24D5BAB-A017-45A1-BE36-DE182689AD24}.Release|Mixed Platforms.Build.0 = Release|Any CPU
		{F24D5BAB-A017-45A1-BE36-DE182689AD24}.Release|x86.ActiveCfg = Release|Any CPU
		{F24D5BAB-A017-45A1-BE36-DE182689AD24}.Release|x86.Build.0 = Release|Any CPU
		{F24D5BAB-A017-45A1-BE36-DE182689AD24}.Signed|Any CPU.ActiveCfg = Release|Any CPU
		{F24D5BAB-A017-45A1-BE36-DE182689AD24}.Signed|Any CPU.Build.0 = Release|Any CPU
		{F24D5BAB-A017-45A1-BE36-DE182689AD24}.Signed|Mixed Platforms.ActiveCfg = Release|Any CPU
		{F24D5BAB-A017-45A1-BE36-DE182689AD24}.Signed|Mixed Platforms.Build.0 = Release|Any CPU
		{F24D5BAB-A017-45A1-BE36-DE182689AD24}.Signed|x86.ActiveCfg = Release|Any CPU
		{F24D5BAB-A017-45A1-BE36-DE182689AD24}.Signed|x86.Build.0 = Release|Any CPU
		{F24D5BAB-A017-45A1-BE36-DE182689AD24}.STATIC_ONLY NO_EXPRESSIONS|Any CPU.ActiveCfg = Release|Any CPU
		{F24D5BAB-A017-45A1-BE36-DE182689AD24}.STATIC_ONLY NO_EXPRESSIONS|Any CPU.Build.0 = Release|Any CPU
		{F24D5BAB-A017-45A1-BE36-DE182689AD24}.STATIC_ONLY NO_EXPRESSIONS|Mixed Platforms.ActiveCfg = Release|Any CPU
		{F24D5BAB-A017-45A1-BE36-DE182689AD24}.STATIC_ONLY NO_EXPRESSIONS|Mixed Platforms.Build.0 = Release|Any CPU
		{F24D5BAB-A017-45A1-BE36-DE182689AD24}.STATIC_ONLY NO_EXPRESSIONS|x86.ActiveCfg = Release|Any CPU
		{F24D5BAB-A017-45A1-BE36-DE182689AD24}.STATIC_ONLY NO_EXPRESSIONS|x86.Build.0 = Release|Any CPU
		{3F4CFF17-A59C-4506-99E1-1E322CB24731}.Debug|Any CPU.ActiveCfg = Debug|Any CPU
		{3F4CFF17-A59C-4506-99E1-1E322CB24731}.Debug|Any CPU.Build.0 = Debug|Any CPU
		{3F4CFF17-A59C-4506-99E1-1E322CB24731}.Debug|Mixed Platforms.ActiveCfg = Debug|Any CPU
		{3F4CFF17-A59C-4506-99E1-1E322CB24731}.Debug|Mixed Platforms.Build.0 = Debug|Any CPU
		{3F4CFF17-A59C-4506-99E1-1E322CB24731}.Debug|x86.ActiveCfg = Debug|Any CPU
		{3F4CFF17-A59C-4506-99E1-1E322CB24731}.Debug|x86.Build.0 = Debug|Any CPU
		{3F4CFF17-A59C-4506-99E1-1E322CB24731}.MonoTouch|Any CPU.ActiveCfg = Release|Any CPU
		{3F4CFF17-A59C-4506-99E1-1E322CB24731}.MonoTouch|Any CPU.Build.0 = Release|Any CPU
		{3F4CFF17-A59C-4506-99E1-1E322CB24731}.MonoTouch|Mixed Platforms.ActiveCfg = Release|Any CPU
		{3F4CFF17-A59C-4506-99E1-1E322CB24731}.MonoTouch|Mixed Platforms.Build.0 = Release|Any CPU
		{3F4CFF17-A59C-4506-99E1-1E322CB24731}.MonoTouch|x86.ActiveCfg = Release|Any CPU
		{3F4CFF17-A59C-4506-99E1-1E322CB24731}.MonoTouch|x86.Build.0 = Release|Any CPU
		{3F4CFF17-A59C-4506-99E1-1E322CB24731}.Release|Any CPU.ActiveCfg = Release|Any CPU
		{3F4CFF17-A59C-4506-99E1-1E322CB24731}.Release|Any CPU.Build.0 = Release|Any CPU
		{3F4CFF17-A59C-4506-99E1-1E322CB24731}.Release|Mixed Platforms.ActiveCfg = Release|Any CPU
		{3F4CFF17-A59C-4506-99E1-1E322CB24731}.Release|Mixed Platforms.Build.0 = Release|Any CPU
		{3F4CFF17-A59C-4506-99E1-1E322CB24731}.Release|x86.ActiveCfg = Release|Any CPU
		{3F4CFF17-A59C-4506-99E1-1E322CB24731}.Release|x86.Build.0 = Release|Any CPU
		{3F4CFF17-A59C-4506-99E1-1E322CB24731}.Signed|Any CPU.ActiveCfg = Release|Any CPU
		{3F4CFF17-A59C-4506-99E1-1E322CB24731}.Signed|Any CPU.Build.0 = Release|Any CPU
		{3F4CFF17-A59C-4506-99E1-1E322CB24731}.Signed|Mixed Platforms.ActiveCfg = Release|Any CPU
		{3F4CFF17-A59C-4506-99E1-1E322CB24731}.Signed|Mixed Platforms.Build.0 = Release|Any CPU
		{3F4CFF17-A59C-4506-99E1-1E322CB24731}.Signed|x86.ActiveCfg = Release|Any CPU
		{3F4CFF17-A59C-4506-99E1-1E322CB24731}.Signed|x86.Build.0 = Release|Any CPU
		{3F4CFF17-A59C-4506-99E1-1E322CB24731}.STATIC_ONLY NO_EXPRESSIONS|Any CPU.ActiveCfg = Release|Any CPU
		{3F4CFF17-A59C-4506-99E1-1E322CB24731}.STATIC_ONLY NO_EXPRESSIONS|Any CPU.Build.0 = Release|Any CPU
		{3F4CFF17-A59C-4506-99E1-1E322CB24731}.STATIC_ONLY NO_EXPRESSIONS|Mixed Platforms.ActiveCfg = Release|Any CPU
		{3F4CFF17-A59C-4506-99E1-1E322CB24731}.STATIC_ONLY NO_EXPRESSIONS|Mixed Platforms.Build.0 = Release|Any CPU
		{3F4CFF17-A59C-4506-99E1-1E322CB24731}.STATIC_ONLY NO_EXPRESSIONS|x86.ActiveCfg = Release|Any CPU
		{3F4CFF17-A59C-4506-99E1-1E322CB24731}.STATIC_ONLY NO_EXPRESSIONS|x86.Build.0 = Release|Any CPU
		{9ECBA7B7-4258-4DF9-8623-4CF77DD0CCFF}.Debug|Any CPU.ActiveCfg = Debug|Any CPU
		{9ECBA7B7-4258-4DF9-8623-4CF77DD0CCFF}.Debug|Any CPU.Build.0 = Debug|Any CPU
		{9ECBA7B7-4258-4DF9-8623-4CF77DD0CCFF}.Debug|Mixed Platforms.ActiveCfg = Debug|Any CPU
		{9ECBA7B7-4258-4DF9-8623-4CF77DD0CCFF}.Debug|Mixed Platforms.Build.0 = Debug|Any CPU
		{9ECBA7B7-4258-4DF9-8623-4CF77DD0CCFF}.Debug|x86.ActiveCfg = Debug|Any CPU
		{9ECBA7B7-4258-4DF9-8623-4CF77DD0CCFF}.Debug|x86.Build.0 = Debug|Any CPU
		{9ECBA7B7-4258-4DF9-8623-4CF77DD0CCFF}.MonoTouch|Any CPU.ActiveCfg = Release|Any CPU
		{9ECBA7B7-4258-4DF9-8623-4CF77DD0CCFF}.MonoTouch|Any CPU.Build.0 = Release|Any CPU
		{9ECBA7B7-4258-4DF9-8623-4CF77DD0CCFF}.MonoTouch|Mixed Platforms.ActiveCfg = Release|Any CPU
		{9ECBA7B7-4258-4DF9-8623-4CF77DD0CCFF}.MonoTouch|Mixed Platforms.Build.0 = Release|Any CPU
		{9ECBA7B7-4258-4DF9-8623-4CF77DD0CCFF}.MonoTouch|x86.ActiveCfg = Release|Any CPU
		{9ECBA7B7-4258-4DF9-8623-4CF77DD0CCFF}.MonoTouch|x86.Build.0 = Release|Any CPU
		{9ECBA7B7-4258-4DF9-8623-4CF77DD0CCFF}.Release|Any CPU.ActiveCfg = Release|Any CPU
		{9ECBA7B7-4258-4DF9-8623-4CF77DD0CCFF}.Release|Any CPU.Build.0 = Release|Any CPU
		{9ECBA7B7-4258-4DF9-8623-4CF77DD0CCFF}.Release|Mixed Platforms.ActiveCfg = Release|Any CPU
		{9ECBA7B7-4258-4DF9-8623-4CF77DD0CCFF}.Release|Mixed Platforms.Build.0 = Release|Any CPU
		{9ECBA7B7-4258-4DF9-8623-4CF77DD0CCFF}.Release|x86.ActiveCfg = Release|Any CPU
		{9ECBA7B7-4258-4DF9-8623-4CF77DD0CCFF}.Release|x86.Build.0 = Release|Any CPU
		{9ECBA7B7-4258-4DF9-8623-4CF77DD0CCFF}.Signed|Any CPU.ActiveCfg = Release|Any CPU
		{9ECBA7B7-4258-4DF9-8623-4CF77DD0CCFF}.Signed|Any CPU.Build.0 = Release|Any CPU
		{9ECBA7B7-4258-4DF9-8623-4CF77DD0CCFF}.Signed|Mixed Platforms.ActiveCfg = Release|Any CPU
		{9ECBA7B7-4258-4DF9-8623-4CF77DD0CCFF}.Signed|Mixed Platforms.Build.0 = Release|Any CPU
		{9ECBA7B7-4258-4DF9-8623-4CF77DD0CCFF}.Signed|x86.ActiveCfg = Release|Any CPU
		{9ECBA7B7-4258-4DF9-8623-4CF77DD0CCFF}.Signed|x86.Build.0 = Release|Any CPU
		{9ECBA7B7-4258-4DF9-8623-4CF77DD0CCFF}.STATIC_ONLY NO_EXPRESSIONS|Any CPU.ActiveCfg = Release|Any CPU
		{9ECBA7B7-4258-4DF9-8623-4CF77DD0CCFF}.STATIC_ONLY NO_EXPRESSIONS|Any CPU.Build.0 = Release|Any CPU
		{9ECBA7B7-4258-4DF9-8623-4CF77DD0CCFF}.STATIC_ONLY NO_EXPRESSIONS|Mixed Platforms.ActiveCfg = Release|Any CPU
		{9ECBA7B7-4258-4DF9-8623-4CF77DD0CCFF}.STATIC_ONLY NO_EXPRESSIONS|Mixed Platforms.Build.0 = Release|Any CPU
		{9ECBA7B7-4258-4DF9-8623-4CF77DD0CCFF}.STATIC_ONLY NO_EXPRESSIONS|x86.ActiveCfg = Release|Any CPU
		{9ECBA7B7-4258-4DF9-8623-4CF77DD0CCFF}.STATIC_ONLY NO_EXPRESSIONS|x86.Build.0 = Release|Any CPU
		{6B31C824-D84B-4B80-8540-C46B22A702E2}.Debug|Any CPU.ActiveCfg = Debug|Any CPU
		{6B31C824-D84B-4B80-8540-C46B22A702E2}.Debug|Any CPU.Build.0 = Debug|Any CPU
		{6B31C824-D84B-4B80-8540-C46B22A702E2}.Debug|Mixed Platforms.ActiveCfg = Debug|Any CPU
		{6B31C824-D84B-4B80-8540-C46B22A702E2}.Debug|Mixed Platforms.Build.0 = Debug|Any CPU
		{6B31C824-D84B-4B80-8540-C46B22A702E2}.Debug|x86.ActiveCfg = Debug|Any CPU
		{6B31C824-D84B-4B80-8540-C46B22A702E2}.Debug|x86.Build.0 = Debug|Any CPU
		{6B31C824-D84B-4B80-8540-C46B22A702E2}.MonoTouch|Any CPU.ActiveCfg = Release|Any CPU
		{6B31C824-D84B-4B80-8540-C46B22A702E2}.MonoTouch|Any CPU.Build.0 = Release|Any CPU
		{6B31C824-D84B-4B80-8540-C46B22A702E2}.MonoTouch|Mixed Platforms.ActiveCfg = Release|Any CPU
		{6B31C824-D84B-4B80-8540-C46B22A702E2}.MonoTouch|Mixed Platforms.Build.0 = Release|Any CPU
		{6B31C824-D84B-4B80-8540-C46B22A702E2}.MonoTouch|x86.ActiveCfg = Release|Any CPU
		{6B31C824-D84B-4B80-8540-C46B22A702E2}.MonoTouch|x86.Build.0 = Release|Any CPU
		{6B31C824-D84B-4B80-8540-C46B22A702E2}.Release|Any CPU.ActiveCfg = Release|Any CPU
		{6B31C824-D84B-4B80-8540-C46B22A702E2}.Release|Any CPU.Build.0 = Release|Any CPU
		{6B31C824-D84B-4B80-8540-C46B22A702E2}.Release|Mixed Platforms.ActiveCfg = Release|Any CPU
		{6B31C824-D84B-4B80-8540-C46B22A702E2}.Release|Mixed Platforms.Build.0 = Release|Any CPU
		{6B31C824-D84B-4B80-8540-C46B22A702E2}.Release|x86.ActiveCfg = Release|Any CPU
		{6B31C824-D84B-4B80-8540-C46B22A702E2}.Release|x86.Build.0 = Release|Any CPU
		{6B31C824-D84B-4B80-8540-C46B22A702E2}.Signed|Any CPU.ActiveCfg = Release|Any CPU
		{6B31C824-D84B-4B80-8540-C46B22A702E2}.Signed|Any CPU.Build.0 = Release|Any CPU
		{6B31C824-D84B-4B80-8540-C46B22A702E2}.Signed|Mixed Platforms.ActiveCfg = Release|Any CPU
		{6B31C824-D84B-4B80-8540-C46B22A702E2}.Signed|Mixed Platforms.Build.0 = Release|Any CPU
		{6B31C824-D84B-4B80-8540-C46B22A702E2}.Signed|x86.ActiveCfg = Release|Any CPU
		{6B31C824-D84B-4B80-8540-C46B22A702E2}.Signed|x86.Build.0 = Release|Any CPU
		{6B31C824-D84B-4B80-8540-C46B22A702E2}.STATIC_ONLY NO_EXPRESSIONS|Any CPU.ActiveCfg = Release|Any CPU
		{6B31C824-D84B-4B80-8540-C46B22A702E2}.STATIC_ONLY NO_EXPRESSIONS|Any CPU.Build.0 = Release|Any CPU
		{6B31C824-D84B-4B80-8540-C46B22A702E2}.STATIC_ONLY NO_EXPRESSIONS|Mixed Platforms.ActiveCfg = Release|Any CPU
		{6B31C824-D84B-4B80-8540-C46B22A702E2}.STATIC_ONLY NO_EXPRESSIONS|Mixed Platforms.Build.0 = Release|Any CPU
		{6B31C824-D84B-4B80-8540-C46B22A702E2}.STATIC_ONLY NO_EXPRESSIONS|x86.ActiveCfg = Release|Any CPU
		{6B31C824-D84B-4B80-8540-C46B22A702E2}.STATIC_ONLY NO_EXPRESSIONS|x86.Build.0 = Release|Any CPU
	EndGlobalSection
	GlobalSection(SolutionProperties) = preSolution
		HideSolutionNode = FALSE
	EndGlobalSection
	GlobalSection(NestedProjects) = preSolution
		{166F6EB2-5143-43DE-B578-1F0E31A596D5} = {E7E7E9A3-FB8E-415C-A831-2D023554F14F}
		{95E9561C-EC23-4E45-9DC2-786C7BD6C5F7} = {E7E7E9A3-FB8E-415C-A831-2D023554F14F}
		{F5720451-37E3-45B7-80B0-CA876707943A} = {E7E7E9A3-FB8E-415C-A831-2D023554F14F}
		{B68C6B2C-309E-40C4-BA96-E37B8124304A} = {66C1092F-CBD2-4A09-BF50-8614D7DB2ADF}
		{3BB78F29-D840-41B2-9460-A2820373CD20} = {66C1092F-CBD2-4A09-BF50-8614D7DB2ADF}
		{099A8DEA-F66F-4584-978D-6C1C0CE78360} = {66C1092F-CBD2-4A09-BF50-8614D7DB2ADF}
		{54CA5DE2-D1EE-4316-8DB4-C272ABEFE001} = {66C1092F-CBD2-4A09-BF50-8614D7DB2ADF}
		{F24D5BAB-A017-45A1-BE36-DE182689AD24} = {66C1092F-CBD2-4A09-BF50-8614D7DB2ADF}
		{3F4CFF17-A59C-4506-99E1-1E322CB24731} = {66C1092F-CBD2-4A09-BF50-8614D7DB2ADF}
		{9ECBA7B7-4258-4DF9-8623-4CF77DD0CCFF} = {66C1092F-CBD2-4A09-BF50-8614D7DB2ADF}
	EndGlobalSection
EndGlobal
