
Microsoft Visual Studio Solution File, Format Version 12.00
# Visual Studio 14
VisualStudioVersion = 14.0.25420.1
MinimumVisualStudioVersion = 10.0.40219.1
Project("{2150E333-8FDC-42A3-9474-1A3956D46DE8}") = ".nuget", ".nuget", "{25CA298D-62F7-4BCE-8653-1742C7EB5C1D}"
	ProjectSection(SolutionItems) = preProject
		.nuget\NuGet.Config = .nuget\NuGet.Config
		.nuget\NuGet.exe = .nuget\NuGet.exe
		.nuget\NuGet.targets = .nuget\NuGet.targets
	EndProjectSection
EndProject
Project("{2150E333-8FDC-42A3-9474-1A3956D46DE8}") = "Solution Items", "Solution Items", "{D877A75A-16A0-49F3-B343-7878595E37B3}"
	ProjectSection(SolutionItems) = preProject
		LinkedFiles\Argument.cs = LinkedFiles\Argument.cs
		LinkedFiles\AsyncHelper.cs = LinkedFiles\AsyncHelper.cs
		LinkedFiles\Maybe.cs = LinkedFiles\Maybe.cs
		LinkedFiles\SyntaxSugar.cs = LinkedFiles\SyntaxSugar.cs
	EndProjectSection
EndProject
Project("{FAE04EC0-301F-11D3-BF4B-00C04F79EFBC}") = "CQRSalad.Dispatching", "CQRSalad.Dispatching\CQRSalad.Dispatching.csproj", "{B68C6B2C-309E-40C4-BA96-E37B8124304A}"
EndProject
Project("{FAE04EC0-301F-11D3-BF4B-00C04F79EFBC}") = "CQRSalad.EventSourcing", "CQRSalad.EventSourcing\CQRSalad.EventSourcing.csproj", "{099A8DEA-F66F-4584-978D-6C1C0CE78360}"
EndProject
Project("{FAE04EC0-301F-11D3-BF4B-00C04F79EFBC}") = "CQRSalad.EventStore.Core", "CQRSalad.EventStore.Core\CQRSalad.EventStore.Core.csproj", "{54CA5DE2-D1EE-4316-8DB4-C272ABEFE001}"
EndProject
Project("{FAE04EC0-301F-11D3-BF4B-00C04F79EFBC}") = "CQRSalad.EventStore.MongoDB", "CQRSalad.EventStore.MongoDB\CQRSalad.EventStore.MongoDB.csproj", "{F24D5BAB-A017-45A1-BE36-DE182689AD24}"
EndProject
Global
	GlobalSection(SolutionConfigurationPlatforms) = preSolution
		Debug|Any CPU = Debug|Any CPU
		Release|Any CPU = Release|Any CPU
	EndGlobalSection
	GlobalSection(ProjectConfigurationPlatforms) = postSolution
		{B68C6B2C-309E-40C4-BA96-E37B8124304A}.Debug|Any CPU.ActiveCfg = Debug|Any CPU
		{B68C6B2C-309E-40C4-BA96-E37B8124304A}.Debug|Any CPU.Build.0 = Debug|Any CPU
		{B68C6B2C-309E-40C4-BA96-E37B8124304A}.Release|Any CPU.ActiveCfg = Release|Any CPU
		{B68C6B2C-309E-40C4-BA96-E37B8124304A}.Release|Any CPU.Build.0 = Release|Any CPU
		{099A8DEA-F66F-4584-978D-6C1C0CE78360}.Debug|Any CPU.ActiveCfg = Debug|Any CPU
		{099A8DEA-F66F-4584-978D-6C1C0CE78360}.Debug|Any CPU.Build.0 = Debug|Any CPU
		{099A8DEA-F66F-4584-978D-6C1C0CE78360}.Release|Any CPU.ActiveCfg = Release|Any CPU
		{099A8DEA-F66F-4584-978D-6C1C0CE78360}.Release|Any CPU.Build.0 = Release|Any CPU
		{54CA5DE2-D1EE-4316-8DB4-C272ABEFE001}.Debug|Any CPU.ActiveCfg = Debug|Any CPU
		{54CA5DE2-D1EE-4316-8DB4-C272ABEFE001}.Debug|Any CPU.Build.0 = Debug|Any CPU
		{54CA5DE2-D1EE-4316-8DB4-C272ABEFE001}.Release|Any CPU.ActiveCfg = Release|Any CPU
		{54CA5DE2-D1EE-4316-8DB4-C272ABEFE001}.Release|Any CPU.Build.0 = Release|Any CPU
		{F24D5BAB-A017-45A1-BE36-DE182689AD24}.Debug|Any CPU.ActiveCfg = Debug|Any CPU
		{F24D5BAB-A017-45A1-BE36-DE182689AD24}.Debug|Any CPU.Build.0 = Debug|Any CPU
		{F24D5BAB-A017-45A1-BE36-DE182689AD24}.Release|Any CPU.ActiveCfg = Release|Any CPU
		{F24D5BAB-A017-45A1-BE36-DE182689AD24}.Release|Any CPU.Build.0 = Release|Any CPU
	EndGlobalSection
	GlobalSection(SolutionProperties) = preSolution
		HideSolutionNode = FALSE
	EndGlobalSection
EndGlobal
